
Microsoft Visual Studio Solution File, Format Version 12.00
# Visual Studio Version 16
VisualStudioVersion = 16.0.31702.278
MinimumVisualStudioVersion = 10.0.40219.1
Project("{FAE04EC0-301F-11D3-BF4B-00C04F79EFBC}") = "WindowsFormsApp5", "WindowsFormsApp5.csproj", "{2E219AFE-3558-4C72-955B-AC5340376265}"
EndProject
Global
	GlobalSection(SolutionConfigurationPlatforms) = preSolution
		Debug|Any CPU = Debug|Any CPU
		Release|Any CPU = Release|Any CPU
	EndGlobalSection
	GlobalSection(ProjectConfigurationPlatforms) = postSolution
		{2E219AFE-3558-4C72-955B-AC5340376265}.Debug|Any CPU.ActiveCfg = Debug|Any CPU
		{2E219AFE-3558-4C72-955B-AC5340376265}.Debug|Any CPU.Build.0 = Debug|Any CPU
		{2E219AFE-3558-4C72-955B-AC5340376265}.Release|Any CPU.ActiveCfg = Release|Any CPU
		{2E219AFE-3558-4C72-955B-AC5340376265}.Release|Any CPU.Build.0 = Release|Any CPU
	EndGlobalSection
	GlobalSection(SolutionProperties) = preSolution
		HideSolutionNode = FALSE
	EndGlobalSection
	GlobalSection(ExtensibilityGlobals) = postSolution
		SolutionGuid = {19D6E0F0-F742-4489-A63E-B9A30AE377E2}
	EndGlobalSection
EndGlobal
