
Microsoft Visual Studio Solution File, Format Version 12.00
# Visual Studio Version 16
VisualStudioVersion = 16.0.31702.278
MinimumVisualStudioVersion = 10.0.40219.1
Project("{FAE04EC0-301F-11D3-BF4B-00C04F79EFBC}") = "WindowsFormsApp8", "WindowsFormsApp8.csproj", "{C1814DB4-9949-4809-B27C-09416577F068}"
EndProject
Global
	GlobalSection(SolutionConfigurationPlatforms) = preSolution
		Debug|Any CPU = Debug|Any CPU
		Release|Any CPU = Release|Any CPU
	EndGlobalSection
	GlobalSection(ProjectConfigurationPlatforms) = postSolution
		{C1814DB4-9949-4809-B27C-09416577F068}.Debug|Any CPU.ActiveCfg = Debug|Any CPU
		{C1814DB4-9949-4809-B27C-09416577F068}.Debug|Any CPU.Build.0 = Debug|Any CPU
		{C1814DB4-9949-4809-B27C-09416577F068}.Release|Any CPU.ActiveCfg = Release|Any CPU
		{C1814DB4-9949-4809-B27C-09416577F068}.Release|Any CPU.Build.0 = Release|Any CPU
	EndGlobalSection
	GlobalSection(SolutionProperties) = preSolution
		HideSolutionNode = FALSE
	EndGlobalSection
	GlobalSection(ExtensibilityGlobals) = postSolution
		SolutionGuid = {AEFF9C1E-DD0F-4A15-AC8B-0DAD86BCC6A8}
	EndGlobalSection
EndGlobal
