
Microsoft Visual Studio Solution File, Format Version 12.00
# Visual Studio Version 16
VisualStudioVersion = 16.0.31702.278
MinimumVisualStudioVersion = 10.0.40219.1
Project("{FAE04EC0-301F-11D3-BF4B-00C04F79EFBC}") = "WindowsFormsApp4", "WindowsFormsApp4.csproj", "{68CA5EF6-3B7E-4D84-97DD-1B7A4B5139B0}"
EndProject
Global
	GlobalSection(SolutionConfigurationPlatforms) = preSolution
		Debug|Any CPU = Debug|Any CPU
		Release|Any CPU = Release|Any CPU
	EndGlobalSection
	GlobalSection(ProjectConfigurationPlatforms) = postSolution
		{68CA5EF6-3B7E-4D84-97DD-1B7A4B5139B0}.Debug|Any CPU.ActiveCfg = Debug|Any CPU
		{68CA5EF6-3B7E-4D84-97DD-1B7A4B5139B0}.Debug|Any CPU.Build.0 = Debug|Any CPU
		{68CA5EF6-3B7E-4D84-97DD-1B7A4B5139B0}.Release|Any CPU.ActiveCfg = Release|Any CPU
		{68CA5EF6-3B7E-4D84-97DD-1B7A4B5139B0}.Release|Any CPU.Build.0 = Release|Any CPU
	EndGlobalSection
	GlobalSection(SolutionProperties) = preSolution
		HideSolutionNode = FALSE
	EndGlobalSection
	GlobalSection(ExtensibilityGlobals) = postSolution
		SolutionGuid = {F91C2019-FA65-446B-BB87-C6B482E249EA}
	EndGlobalSection
EndGlobal
