
Microsoft Visual Studio Solution File, Format Version 12.00
# Visual Studio Version 16
VisualStudioVersion = 16.0.31702.278
MinimumVisualStudioVersion = 10.0.40219.1
Project("{FAE04EC0-301F-11D3-BF4B-00C04F79EFBC}") = "WindowsFormsApp14", "WindowsFormsApp14.csproj", "{92D9B818-2AE4-4A2D-BA1B-A8F414D08174}"
EndProject
Global
	GlobalSection(SolutionConfigurationPlatforms) = preSolution
		Debug|Any CPU = Debug|Any CPU
		Release|Any CPU = Release|Any CPU
	EndGlobalSection
	GlobalSection(ProjectConfigurationPlatforms) = postSolution
		{92D9B818-2AE4-4A2D-BA1B-A8F414D08174}.Debug|Any CPU.ActiveCfg = Debug|Any CPU
		{92D9B818-2AE4-4A2D-BA1B-A8F414D08174}.Debug|Any CPU.Build.0 = Debug|Any CPU
		{92D9B818-2AE4-4A2D-BA1B-A8F414D08174}.Release|Any CPU.ActiveCfg = Release|Any CPU
		{92D9B818-2AE4-4A2D-BA1B-A8F414D08174}.Release|Any CPU.Build.0 = Release|Any CPU
	EndGlobalSection
	GlobalSection(SolutionProperties) = preSolution
		HideSolutionNode = FALSE
	EndGlobalSection
	GlobalSection(ExtensibilityGlobals) = postSolution
		SolutionGuid = {74D97F60-5D79-44DA-B141-B477A88CC081}
	EndGlobalSection
EndGlobal
