
Microsoft Visual Studio Solution File, Format Version 12.00
# Visual Studio Version 16
VisualStudioVersion = 16.0.31702.278
MinimumVisualStudioVersion = 10.0.40219.1
Project("{FAE04EC0-301F-11D3-BF4B-00C04F79EFBC}") = "WindowsFormsApp2", "WindowsFormsApp2.csproj", "{75F7484B-3F2E-4838-8FF7-FB9998852DD5}"
EndProject
Global
	GlobalSection(SolutionConfigurationPlatforms) = preSolution
		Debug|Any CPU = Debug|Any CPU
		Release|Any CPU = Release|Any CPU
	EndGlobalSection
	GlobalSection(ProjectConfigurationPlatforms) = postSolution
		{75F7484B-3F2E-4838-8FF7-FB9998852DD5}.Debug|Any CPU.ActiveCfg = Debug|Any CPU
		{75F7484B-3F2E-4838-8FF7-FB9998852DD5}.Debug|Any CPU.Build.0 = Debug|Any CPU
		{75F7484B-3F2E-4838-8FF7-FB9998852DD5}.Release|Any CPU.ActiveCfg = Release|Any CPU
		{75F7484B-3F2E-4838-8FF7-FB9998852DD5}.Release|Any CPU.Build.0 = Release|Any CPU
	EndGlobalSection
	GlobalSection(SolutionProperties) = preSolution
		HideSolutionNode = FALSE
	EndGlobalSection
	GlobalSection(ExtensibilityGlobals) = postSolution
		SolutionGuid = {CBC39AAD-42ED-4527-9604-BA4800907272}
	EndGlobalSection
EndGlobal
