
Microsoft Visual Studio Solution File, Format Version 12.00
# Visual Studio Version 16
VisualStudioVersion = 16.0.31727.386
MinimumVisualStudioVersion = 10.0.40219.1
Project("{FAE04EC0-301F-11D3-BF4B-00C04F79EFBC}") = "kimlik", "kimlik\kimlik.csproj", "{1DD6D6FF-7F3F-4EA6-AB83-C81B03F38C2B}"
EndProject
Global
	GlobalSection(SolutionConfigurationPlatforms) = preSolution
		Debug|Any CPU = Debug|Any CPU
		Release|Any CPU = Release|Any CPU
	EndGlobalSection
	GlobalSection(ProjectConfigurationPlatforms) = postSolution
		{1DD6D6FF-7F3F-4EA6-AB83-C81B03F38C2B}.Debug|Any CPU.ActiveCfg = Debug|Any CPU
		{1DD6D6FF-7F3F-4EA6-AB83-C81B03F38C2B}.Debug|Any CPU.Build.0 = Debug|Any CPU
		{1DD6D6FF-7F3F-4EA6-AB83-C81B03F38C2B}.Release|Any CPU.ActiveCfg = Release|Any CPU
		{1DD6D6FF-7F3F-4EA6-AB83-C81B03F38C2B}.Release|Any CPU.Build.0 = Release|Any CPU
	EndGlobalSection
	GlobalSection(SolutionProperties) = preSolution
		HideSolutionNode = FALSE
	EndGlobalSection
	GlobalSection(ExtensibilityGlobals) = postSolution
		SolutionGuid = {A79D1909-6204-4756-BEEA-02BD67AA03ED}
	EndGlobalSection
EndGlobal
