
Microsoft Visual Studio Solution File, Format Version 12.00
# Visual Studio Version 16
VisualStudioVersion = 16.0.31702.278
MinimumVisualStudioVersion = 10.0.40219.1
Project("{FAE04EC0-301F-11D3-BF4B-00C04F79EFBC}") = "deneme_4", "deneme_4.csproj", "{8F578379-D37A-4892-A8C6-AC4C34014C23}"
EndProject
Global
	GlobalSection(SolutionConfigurationPlatforms) = preSolution
		Debug|Any CPU = Debug|Any CPU
		Release|Any CPU = Release|Any CPU
	EndGlobalSection
	GlobalSection(ProjectConfigurationPlatforms) = postSolution
		{8F578379-D37A-4892-A8C6-AC4C34014C23}.Debug|Any CPU.ActiveCfg = Debug|Any CPU
		{8F578379-D37A-4892-A8C6-AC4C34014C23}.Debug|Any CPU.Build.0 = Debug|Any CPU
		{8F578379-D37A-4892-A8C6-AC4C34014C23}.Release|Any CPU.ActiveCfg = Release|Any CPU
		{8F578379-D37A-4892-A8C6-AC4C34014C23}.Release|Any CPU.Build.0 = Release|Any CPU
	EndGlobalSection
	GlobalSection(SolutionProperties) = preSolution
		HideSolutionNode = FALSE
	EndGlobalSection
	GlobalSection(ExtensibilityGlobals) = postSolution
		SolutionGuid = {CCF8A0F1-FCD9-4315-B5DC-6BD80C2C8E26}
	EndGlobalSection
EndGlobal
