
Microsoft Visual Studio Solution File, Format Version 12.00
# Visual Studio Version 16
VisualStudioVersion = 16.0.31729.503
MinimumVisualStudioVersion = 10.0.40219.1
Project("{FAE04EC0-301F-11D3-BF4B-00C04F79EFBC}") = "hesap_makinesi", "hesap_makinesi\hesap_makinesi.csproj", "{34C3AF3C-AEB4-47E3-9AE7-9B85C356D00F}"
EndProject
Global
	GlobalSection(SolutionConfigurationPlatforms) = preSolution
		Debug|Any CPU = Debug|Any CPU
		Release|Any CPU = Release|Any CPU
	EndGlobalSection
	GlobalSection(ProjectConfigurationPlatforms) = postSolution
		{34C3AF3C-AEB4-47E3-9AE7-9B85C356D00F}.Debug|Any CPU.ActiveCfg = Debug|Any CPU
		{34C3AF3C-AEB4-47E3-9AE7-9B85C356D00F}.Debug|Any CPU.Build.0 = Debug|Any CPU
		{34C3AF3C-AEB4-47E3-9AE7-9B85C356D00F}.Release|Any CPU.ActiveCfg = Release|Any CPU
		{34C3AF3C-AEB4-47E3-9AE7-9B85C356D00F}.Release|Any CPU.Build.0 = Release|Any CPU
	EndGlobalSection
	GlobalSection(SolutionProperties) = preSolution
		HideSolutionNode = FALSE
	EndGlobalSection
	GlobalSection(ExtensibilityGlobals) = postSolution
		SolutionGuid = {BCED2E82-B6D6-42CD-959A-205C39AAC743}
	EndGlobalSection
EndGlobal
