
Microsoft Visual Studio Solution File, Format Version 12.00
# Visual Studio Version 16
VisualStudioVersion = 16.0.31702.278
MinimumVisualStudioVersion = 10.0.40219.1
Project("{FAE04EC0-301F-11D3-BF4B-00C04F79EFBC}") = "WindowsFormsApp11", "WindowsFormsApp11.csproj", "{216F1586-107D-425B-8DA7-9AD8F112C73E}"
EndProject
Global
	GlobalSection(SolutionConfigurationPlatforms) = preSolution
		Debug|Any CPU = Debug|Any CPU
		Release|Any CPU = Release|Any CPU
	EndGlobalSection
	GlobalSection(ProjectConfigurationPlatforms) = postSolution
		{216F1586-107D-425B-8DA7-9AD8F112C73E}.Debug|Any CPU.ActiveCfg = Debug|Any CPU
		{216F1586-107D-425B-8DA7-9AD8F112C73E}.Debug|Any CPU.Build.0 = Debug|Any CPU
		{216F1586-107D-425B-8DA7-9AD8F112C73E}.Release|Any CPU.ActiveCfg = Release|Any CPU
		{216F1586-107D-425B-8DA7-9AD8F112C73E}.Release|Any CPU.Build.0 = Release|Any CPU
	EndGlobalSection
	GlobalSection(SolutionProperties) = preSolution
		HideSolutionNode = FALSE
	EndGlobalSection
	GlobalSection(ExtensibilityGlobals) = postSolution
		SolutionGuid = {BCE6AE82-C82C-485F-91EF-E1733C6429D1}
	EndGlobalSection
EndGlobal
